<?xml version="1.0" encoding="utf-8"?>
<Project ToolsVersion="4.0" xmlns="http://schemas.microsoft.com/developer/msbuild/2003">
  <ItemGroup>
    <Filter Include="Source Files">
      <UniqueIdentifier>{4FC737F1-C7A5-4376-A066-2A32D752A2FF}</UniqueIdentifier>
      <Extensions>cpp;c;cc;cxx;def;odl;idl;hpj;bat;asm;asmx</Extensions>
    </Filter>
    <Filter Include="Header Files">
      <UniqueIdentifier>{93995380-89BD-4b04-88EB-625FBE52EBFB}</UniqueIdentifier>
      <Extensions>h;hpp;hxx;hm;inl;inc;xsd</Extensions>
    </Filter>
  </ItemGroup>
  <ItemGroup>
    <None Include="Makefile" />
  </ItemGroup>
  <ItemGroup>
    <ClInclude Include="Include\CIL_OpCodes.h">
      <Filter>Header Files</Filter>
    </ClInclude>
    <ClInclude Include="Include\Types.h">
      <Filter>Header Files</Filter>
    </ClInclude>
    <ClInclude Include="Include\CLIFile.h">
      <Filter>Header Files</Filter>
    </ClInclude>
    <ClInclude Include="Include\Compat.h">
      <Filter>Header Files</Filter>
    </ClInclude>
    <ClInclude Include="Include\Config.h">
      <Filter>Header Files</Filter>
    </ClInclude>
    <ClInclude Include="Include\Delegate.h">
      <Filter>Header Files</Filter>
    </ClInclude>
    <ClInclude Include="Include\EvalStack.h">
      <Filter>Header Files</Filter>
    </ClInclude>
    <ClInclude Include="Include\Finalizer.h">
      <Filter>Header Files</Filter>
    </ClInclude>
    <ClInclude Include="Include\Generics.h">
      <Filter>Header Files</Filter>
    </ClInclude>
    <ClInclude Include="Include\Heap.h">
      <Filter>Header Files</Filter>
    </ClInclude>
    <ClInclude Include="Include\InternalCall.h">
      <Filter>Header Files</Filter>
    </ClInclude>
    <ClInclude Include="Include\JIT.h">
      <Filter>Header Files</Filter>
    </ClInclude>
    <ClInclude Include="Include\JIT_OpCodes.h">
      <Filter>Header Files</Filter>
    </ClInclude>
    <ClInclude Include="Include\MetaData.h">
      <Filter>Header Files</Filter>
    </ClInclude>
    <ClInclude Include="Include\MetaDataTables.h">
      <Filter>Header Files</Filter>
    </ClInclude>
    <ClInclude Include="Include\MethodState.h">
      <Filter>Header Files</Filter>
    </ClInclude>
    <ClInclude Include="Include\PInvoke.h">
      <Filter>Header Files</Filter>
    </ClInclude>
    <ClInclude Include="Include\PInvoke_CaseCode.h">
      <Filter>Header Files</Filter>
    </ClInclude>
    <ClInclude Include="Include\PInvoke_TypeDef.h">
      <Filter>Header Files</Filter>
    </ClInclude>
    <ClInclude Include="Include\RVA.h">
      <Filter>Header Files</Filter>
    </ClInclude>
    <ClInclude Include="Include\Sys.h">
      <Filter>Header Files</Filter>
    </ClInclude>
    <ClInclude Include="Include\System.Array.h">
      <Filter>Header Files</Filter>
    </ClInclude>
    <ClInclude Include="Include\System.Char.CaseConversion.h">
      <Filter>Header Files</Filter>
    </ClInclude>
    <ClInclude Include="Include\System.Char.h">
      <Filter>Header Files</Filter>
    </ClInclude>
    <ClInclude Include="Include\System.Char.UC_IndexRuns.h">
      <Filter>Header Files</Filter>
    </ClInclude>
    <ClInclude Include="Include\System.Console.h">
      <Filter>Header Files</Filter>
    </ClInclude>
    <ClInclude Include="Include\System.DateTime.h">
      <Filter>Header Files</Filter>
    </ClInclude>
    <ClInclude Include="Include\System.Diagnostics.Debugger.h">
      <Filter>Header Files</Filter>
    </ClInclude>
    <ClInclude Include="Include\System.Enum.h">
      <Filter>Header Files</Filter>
    </ClInclude>
    <ClInclude Include="Include\System.Environment.h">
      <Filter>Header Files</Filter>
    </ClInclude>
    <ClInclude Include="Include\System.GC.h">
      <Filter>Header Files</Filter>
    </ClInclude>
    <ClInclude Include="Include\System.IO.FileInternal.h">
      <Filter>Header Files</Filter>
    </ClInclude>
    <ClInclude Include="Include\System.Math.h">
      <Filter>Header Files</Filter>
    </ClInclude>
    <ClInclude Include="Include\System.Net.Dns.h">
      <Filter>Header Files</Filter>
    </ClInclude>
    <ClInclude Include="Include\System.Net.Sockets.Socket.h">
      <Filter>Header Files</Filter>
    </ClInclude>
    <ClInclude Include="Include\System.Object.h">
      <Filter>Header Files</Filter>
    </ClInclude>
    <ClInclude Include="Include\System.Runtime.CompilerServices.RuntimeHelpers.h">
      <Filter>Header Files</Filter>
    </ClInclude>
    <ClInclude Include="Include\System.RuntimeType.h">
      <Filter>Header Files</Filter>
    </ClInclude>
    <ClInclude Include="Include\System.String.h">
      <Filter>Header Files</Filter>
    </ClInclude>
    <ClInclude Include="Include\System.Threading.Interlocked.h">
      <Filter>Header Files</Filter>
    </ClInclude>
    <ClInclude Include="Include\System.Threading.Monitor.h">
      <Filter>Header Files</Filter>
    </ClInclude>
    <ClInclude Include="Include\System.Threading.Thread.h">
      <Filter>Header Files</Filter>
    </ClInclude>
    <ClInclude Include="Include\System.Type.h">
      <Filter>Header Files</Filter>
    </ClInclude>
    <ClInclude Include="Include\System.ValueType.h">
      <Filter>Header Files</Filter>
    </ClInclude>
    <ClInclude Include="Include\System.WeakReference.h">
      <Filter>Header Files</Filter>
    </ClInclude>
    <ClInclude Include="Include\Thread.h">
      <Filter>Header Files</Filter>
    </ClInclude>
    <ClInclude Include="Include\Type.h">
      <Filter>Header Files</Filter>
    </ClInclude>
  </ItemGroup>
  <ItemGroup>
    <ClCompile Include="Source\CLIFile.c">
      <Filter>Source Files</Filter>
    </ClCompile>
    <ClCompile Include="Source\Type.c">
      <Filter>Source Files</Filter>
    </ClCompile>
    <ClCompile Include="Source\Delegate.c">
      <Filter>Source Files</Filter>
    </ClCompile>
    <ClCompile Include="Source\dna.c">
      <Filter>Source Files</Filter>
    </ClCompile>
    <ClCompile Include="Source\Finalizer.c">
      <Filter>Source Files</Filter>
    </ClCompile>
    <ClCompile Include="Source\Generics.c">
      <Filter>Source Files</Filter>
    </ClCompile>
    <ClCompile Include="Source\Heap.c">
      <Filter>Source Files</Filter>
    </ClCompile>
    <ClCompile Include="Source\InternalCall.c">
      <Filter>Source Files</Filter>
    </ClCompile>
    <ClCompile Include="Source\JIT.c">
      <Filter>Source Files</Filter>
    </ClCompile>
    <ClCompile Include="Source\JIT_Execute.c">
      <Filter>Source Files</Filter>
    </ClCompile>
    <ClCompile Include="Source\MetaData.c">
      <Filter>Source Files</Filter>
    </ClCompile>
    <ClCompile Include="Source\MetaData_Fill.c">
      <Filter>Source Files</Filter>
    </ClCompile>
    <ClCompile Include="Source\MetaData_Search.c">
      <Filter>Source Files</Filter>
    </ClCompile>
    <ClCompile Include="Source\MethodState.c">
      <Filter>Source Files</Filter>
    </ClCompile>
    <ClCompile Include="Source\PInvoke.c">
      <Filter>Source Files</Filter>
    </ClCompile>
    <ClCompile Include="Source\RVA.c">
      <Filter>Source Files</Filter>
    </ClCompile>
    <ClCompile Include="Source\Sys.c">
      <Filter>Source Files</Filter>
    </ClCompile>
    <ClCompile Include="Source\System.Array.c">
      <Filter>Source Files</Filter>
    </ClCompile>
    <ClCompile Include="Source\System.Char.c">
      <Filter>Source Files</Filter>
    </ClCompile>
    <ClCompile Include="Source\System.Console.c">
      <Filter>Source Files</Filter>
    </ClCompile>
    <ClCompile Include="Source\System.DateTime.c">
      <Filter>Source Files</Filter>
    </ClCompile>
    <ClCompile Include="Source\System.Diagnostics.Debugger.c">
      <Filter>Source Files</Filter>
    </ClCompile>
    <ClCompile Include="Source\System.Enum.c">
      <Filter>Source Files</Filter>
    </ClCompile>
    <ClCompile Include="Source\System.Environment.c">
      <Filter>Source Files</Filter>
    </ClCompile>
    <ClCompile Include="Source\System.GC.c">
      <Filter>Source Files</Filter>
    </ClCompile>
    <ClCompile Include="Source\System.IO.FileInternal.c">
      <Filter>Source Files</Filter>
    </ClCompile>
    <ClCompile Include="Source\System.Math.c">
      <Filter>Source Files</Filter>
    </ClCompile>
    <ClCompile Include="Source\System.Net.Dns.c">
      <Filter>Source Files</Filter>
    </ClCompile>
    <ClCompile Include="Source\System.Net.Sockets.Socket.c">
      <Filter>Source Files</Filter>
    </ClCompile>
    <ClCompile Include="Source\System.Object.c">
      <Filter>Source Files</Filter>
    </ClCompile>
    <ClCompile Include="Source\System.Runtime.CompilerServices.RuntimeHelpers.c">
      <Filter>Source Files</Filter>
    </ClCompile>
    <ClCompile Include="Source\System.RuntimeType.c">
      <Filter>Source Files</Filter>
    </ClCompile>
    <ClCompile Include="Source\System.String.c">
      <Filter>Source Files</Filter>
    </ClCompile>
    <ClCompile Include="Source\System.Threading.Interlocked.c">
      <Filter>Source Files</Filter>
    </ClCompile>
    <ClCompile Include="Source\System.Threading.Monitor.c">
      <Filter>Source Files</Filter>
    </ClCompile>
    <ClCompile Include="Source\System.Threading.Thread.c">
      <Filter>Source Files</Filter>
    </ClCompile>
    <ClCompile Include="Source\System.Type.c">
      <Filter>Source Files</Filter>
    </ClCompile>
    <ClCompile Include="Source\System.ValueType.c">
      <Filter>Source Files</Filter>
    </ClCompile>
    <ClCompile Include="Source\System.WeakReference.c">
      <Filter>Source Files</Filter>
    </ClCompile>
    <ClCompile Include="Source\Thread.c">
      <Filter>Source Files</Filter>
    </ClCompile>
  </ItemGroup>
</Project>